
Microsoft Visual Studio Solution File, Format Version 12.00
# Visual Studio 2012
Project("{8BC9CEB8-8B4A-11D0-8D11-00A0C91BC942}") = "CodeClinicCPP", "CodeClinicCPP\CodeClinicCPP.vcxproj", "{97A760A6-5556-4444-914E-14910C2E465C}"
EndProject
Global
	GlobalSection(SolutionConfigurationPlatforms) = preSolution
		Debug|Win32 = Debug|Win32
		Release|Win32 = Release|Win32
	EndGlobalSection
	GlobalSection(ProjectConfigurationPlatforms) = postSolution
		{97A760A6-5556-4444-914E-14910C2E465C}.Debug|Win32.ActiveCfg = Debug|Win32
		{97A760A6-5556-4444-914E-14910C2E465C}.Debug|Win32.Build.0 = Debug|Win32
		{97A760A6-5556-4444-914E-14910C2E465C}.Release|Win32.ActiveCfg = Release|Win32
		{97A760A6-5556-4444-914E-14910C2E465C}.Release|Win32.Build.0 = Release|Win32
	EndGlobalSection
	GlobalSection(SolutionProperties) = preSolution
		HideSolutionNode = FALSE
	EndGlobalSection
EndGlobal
